
Microsoft Visual Studio Solution File, Format Version 12.00
# Visual Studio 14
VisualStudioVersion = 14.0.25420.1
MinimumVisualStudioVersion = 10.0.40219.1
Project("{2150E333-8FDC-42A3-9474-1A3956D46DE8}") = "Infrastructure", "Infrastructure", "{F1ADE27A-16FE-402C-B58D-520AA01F5A6F}"
EndProject
Project("{2150E333-8FDC-42A3-9474-1A3956D46DE8}") = "AppBoot", "AppBoot", "{B4812772-AC01-44B5-B8B1-1ABBBD386B89}"
EndProject
Project("{FAE04EC0-301F-11D3-BF4B-00C04F79EFBC}") = "iQuarc.AppBoot", "Infrastructure\AppBoot\iQuarc.AppBoot\iQuarc.AppBoot.csproj", "{F1412A2B-3E4D-43BC-8A0A-8FC72703AA2C}"
EndProject
Project("{FAE04EC0-301F-11D3-BF4B-00C04F79EFBC}") = "iQuarc.AppBoot.UnitTests", "Infrastructure\AppBoot\iQuarc.AppBoot.UnitTests\iQuarc.AppBoot.UnitTests.csproj", "{FFA3AB36-9635-4639-B1CB-3C915B5D97AF}"
EndProject
Project("{FAE04EC0-301F-11D3-BF4B-00C04F79EFBC}") = "iQuarc.AppBoot.Unity", "Infrastructure\AppBoot\iQuarc.AppBoot.Unity\iQuarc.AppBoot.Unity.csproj", "{FF6A38BE-EDF7-45A6-A653-759253C698BD}"
EndProject
Project("{FAE04EC0-301F-11D3-BF4B-00C04F79EFBC}") = "iQuarc.AppBoot.Unity.ExploratoryTests", "Infrastructure\AppBoot\iQuarc.AppBoot.Unity.ExplorationTests\iQuarc.AppBoot.Unity.ExploratoryTests.csproj", "{2C568C19-3B63-4B8F-B281-6BC2A62EA230}"
EndProject
Project("{FAE04EC0-301F-11D3-BF4B-00C04F79EFBC}") = "iQuarc.AppBoot.WebApi", "Infrastructure\AppBoot\iQuarc.AppBoot.WebApi\iQuarc.AppBoot.WebApi.csproj", "{3F6A0525-E4E4-4B09-AF5A-62A34F0944BD}"
EndProject
Project("{2150E333-8FDC-42A3-9474-1A3956D46DE8}") = "Common", "Common", "{A18D54C1-5C4D-4E1C-8E58-12E23C7425E9}"
EndProject
Project("{2150E333-8FDC-42A3-9474-1A3956D46DE8}") = "SystemEx", "SystemEx", "{3A3A4FF2-F0D1-4AE7-A172-A5D5184BD60E}"
EndProject
Project("{FAE04EC0-301F-11D3-BF4B-00C04F79EFBC}") = "iQuarc.SystemEx", "Common\SystemEx\iQuarc.SystemEx\iQuarc.SystemEx.csproj", "{42D7BC38-B993-470B-A9F5-9D52F0FC7CF8}"
EndProject
Project("{FAE04EC0-301F-11D3-BF4B-00C04F79EFBC}") = "iQuarc.SystemEx.UnitTests", "Common\SystemEx\iQuarc.SystemEx.UnitTests\iQuarc.SystemEx.UnitTests.csproj", "{540A1415-B2F0-4261-93B2-1D80ED58558F}"
EndProject
Project("{2150E333-8FDC-42A3-9474-1A3956D46DE8}") = "Modules", "Modules", "{2AFDAB54-1CDD-42B3-979D-E0CEC2413C75}"
EndProject
Project("{FAE04EC0-301F-11D3-BF4B-00C04F79EFBC}") = "AppHost", "AppHost\AppHost.csproj", "{1B427C32-97F1-43CF-B7D6-1D1F3EE6952C}"
EndProject
Project("{2150E333-8FDC-42A3-9474-1A3956D46DE8}") = "LandingPage", "LandingPage", "{B9537546-0C20-44A2-893F-94CCFB48FCBE}"
EndProject
Project("{FAE04EC0-301F-11D3-BF4B-00C04F79EFBC}") = "LandingPage.WebApi", "Modules\LandingPage\LandingPage.WebApi\LandingPage.WebApi.csproj", "{B1527846-7BA5-47EF-8572-A30DB5A96262}"
EndProject
Project("{FAE04EC0-301F-11D3-BF4B-00C04F79EFBC}") = "Contracts", "Modules\Contracts\Contracts.csproj", "{848496A7-2151-4A7F-983B-759CC07E4B8F}"
EndProject
Project("{FAE04EC0-301F-11D3-BF4B-00C04F79EFBC}") = "DataAccess", "Modules\DataAccess\DataAccess.csproj", "{AF1A1DDD-0EEF-4936-A521-F25B039CF52C}"
EndProject
Project("{2150E333-8FDC-42A3-9474-1A3956D46DE8}") = "Company", "Company", "{74A3C6F2-7B77-4A4A-90FB-F6450C3E9224}"
EndProject
Project("{FAE04EC0-301F-11D3-BF4B-00C04F79EFBC}") = "Company.WebApi", "Modules\Company\Company.WebApi\Company.WebApi.csproj", "{6CCCA2B8-4C3E-459E-B341-8A0EE788C147}"
EndProject
Project("{2150E333-8FDC-42A3-9474-1A3956D46DE8}") = "DataAccess", "DataAccess", "{D3A77866-70F8-4711-A0F5-29A2C266320B}"
EndProject
Project("{FAE04EC0-301F-11D3-BF4B-00C04F79EFBC}") = "iQuarc.DataAccess", "Infrastructure\DataAccess\iQuarc.DataAccess\iQuarc.DataAccess.csproj", "{53FBDBE7-3B53-4FC1-9676-1932C6CE6A2F}"
EndProject
Project("{FAE04EC0-301F-11D3-BF4B-00C04F79EFBC}") = "iQuarc.DataAccess.AppBoot", "Infrastructure\DataAccess\iQuarc.DataAccess.AppBoot\iQuarc.DataAccess.AppBoot.csproj", "{5C839D26-2F63-4E00-A907-DD535A9846DF}"
EndProject
Project("{FAE04EC0-301F-11D3-BF4B-00C04F79EFBC}") = "iQuarc.DataAccess.IntegrationTests", "Infrastructure\DataAccess\iQuarc.DataAccess.IntegrationTests\iQuarc.DataAccess.IntegrationTests.csproj", "{74216D64-CDD7-4A47-81CB-A9B7407D721F}"
EndProject
Project("{FAE04EC0-301F-11D3-BF4B-00C04F79EFBC}") = "iQuarc.DataAccess.UnitTests", "Infrastructure\DataAccess\iQuarc.DataAccess.UnitTests\iQuarc.DataAccess.UnitTests.csproj", "{DFE330D3-8DFD-45CB-BDAD-5E1BA3D60569}"
EndProject
Project("{FAE04EC0-301F-11D3-BF4B-00C04F79EFBC}") = "Infrastructure.WebApi", "Infrastructure\Infrastructure.WebApi\Infrastructure.WebApi.csproj", "{B0B151EA-7636-44DF-81D5-15E2C2653B6C}"
EndProject
Global
	GlobalSection(SolutionConfigurationPlatforms) = preSolution
		Debug|Any CPU = Debug|Any CPU
		Release|Any CPU = Release|Any CPU
	EndGlobalSection
	GlobalSection(ProjectConfigurationPlatforms) = postSolution
		{F1412A2B-3E4D-43BC-8A0A-8FC72703AA2C}.Debug|Any CPU.ActiveCfg = Debug|Any CPU
		{F1412A2B-3E4D-43BC-8A0A-8FC72703AA2C}.Debug|Any CPU.Build.0 = Debug|Any CPU
		{F1412A2B-3E4D-43BC-8A0A-8FC72703AA2C}.Release|Any CPU.ActiveCfg = Release|Any CPU
		{F1412A2B-3E4D-43BC-8A0A-8FC72703AA2C}.Release|Any CPU.Build.0 = Release|Any CPU
		{FFA3AB36-9635-4639-B1CB-3C915B5D97AF}.Debug|Any CPU.ActiveCfg = Debug|Any CPU
		{FFA3AB36-9635-4639-B1CB-3C915B5D97AF}.Debug|Any CPU.Build.0 = Debug|Any CPU
		{FFA3AB36-9635-4639-B1CB-3C915B5D97AF}.Release|Any CPU.ActiveCfg = Release|Any CPU
		{FFA3AB36-9635-4639-B1CB-3C915B5D97AF}.Release|Any CPU.Build.0 = Release|Any CPU
		{FF6A38BE-EDF7-45A6-A653-759253C698BD}.Debug|Any CPU.ActiveCfg = Debug|Any CPU
		{FF6A38BE-EDF7-45A6-A653-759253C698BD}.Debug|Any CPU.Build.0 = Debug|Any CPU
		{FF6A38BE-EDF7-45A6-A653-759253C698BD}.Release|Any CPU.ActiveCfg = Release|Any CPU
		{FF6A38BE-EDF7-45A6-A653-759253C698BD}.Release|Any CPU.Build.0 = Release|Any CPU
		{2C568C19-3B63-4B8F-B281-6BC2A62EA230}.Debug|Any CPU.ActiveCfg = Debug|Any CPU
		{2C568C19-3B63-4B8F-B281-6BC2A62EA230}.Debug|Any CPU.Build.0 = Debug|Any CPU
		{2C568C19-3B63-4B8F-B281-6BC2A62EA230}.Release|Any CPU.ActiveCfg = Release|Any CPU
		{2C568C19-3B63-4B8F-B281-6BC2A62EA230}.Release|Any CPU.Build.0 = Release|Any CPU
		{3F6A0525-E4E4-4B09-AF5A-62A34F0944BD}.Debug|Any CPU.ActiveCfg = Debug|Any CPU
		{3F6A0525-E4E4-4B09-AF5A-62A34F0944BD}.Debug|Any CPU.Build.0 = Debug|Any CPU
		{3F6A0525-E4E4-4B09-AF5A-62A34F0944BD}.Release|Any CPU.ActiveCfg = Release|Any CPU
		{3F6A0525-E4E4-4B09-AF5A-62A34F0944BD}.Release|Any CPU.Build.0 = Release|Any CPU
		{42D7BC38-B993-470B-A9F5-9D52F0FC7CF8}.Debug|Any CPU.ActiveCfg = Debug|Any CPU
		{42D7BC38-B993-470B-A9F5-9D52F0FC7CF8}.Debug|Any CPU.Build.0 = Debug|Any CPU
		{42D7BC38-B993-470B-A9F5-9D52F0FC7CF8}.Release|Any CPU.ActiveCfg = Release|Any CPU
		{42D7BC38-B993-470B-A9F5-9D52F0FC7CF8}.Release|Any CPU.Build.0 = Release|Any CPU
		{540A1415-B2F0-4261-93B2-1D80ED58558F}.Debug|Any CPU.ActiveCfg = Debug|Any CPU
		{540A1415-B2F0-4261-93B2-1D80ED58558F}.Debug|Any CPU.Build.0 = Debug|Any CPU
		{540A1415-B2F0-4261-93B2-1D80ED58558F}.Release|Any CPU.ActiveCfg = Release|Any CPU
		{540A1415-B2F0-4261-93B2-1D80ED58558F}.Release|Any CPU.Build.0 = Release|Any CPU
		{1B427C32-97F1-43CF-B7D6-1D1F3EE6952C}.Debug|Any CPU.ActiveCfg = Debug|Any CPU
		{1B427C32-97F1-43CF-B7D6-1D1F3EE6952C}.Debug|Any CPU.Build.0 = Debug|Any CPU
		{1B427C32-97F1-43CF-B7D6-1D1F3EE6952C}.Release|Any CPU.ActiveCfg = Release|Any CPU
		{1B427C32-97F1-43CF-B7D6-1D1F3EE6952C}.Release|Any CPU.Build.0 = Release|Any CPU
		{B1527846-7BA5-47EF-8572-A30DB5A96262}.Debug|Any CPU.ActiveCfg = Debug|Any CPU
		{B1527846-7BA5-47EF-8572-A30DB5A96262}.Debug|Any CPU.Build.0 = Debug|Any CPU
		{B1527846-7BA5-47EF-8572-A30DB5A96262}.Release|Any CPU.ActiveCfg = Release|Any CPU
		{B1527846-7BA5-47EF-8572-A30DB5A96262}.Release|Any CPU.Build.0 = Release|Any CPU
		{848496A7-2151-4A7F-983B-759CC07E4B8F}.Debug|Any CPU.ActiveCfg = Debug|Any CPU
		{848496A7-2151-4A7F-983B-759CC07E4B8F}.Debug|Any CPU.Build.0 = Debug|Any CPU
		{848496A7-2151-4A7F-983B-759CC07E4B8F}.Release|Any CPU.ActiveCfg = Release|Any CPU
		{848496A7-2151-4A7F-983B-759CC07E4B8F}.Release|Any CPU.Build.0 = Release|Any CPU
		{AF1A1DDD-0EEF-4936-A521-F25B039CF52C}.Debug|Any CPU.ActiveCfg = Debug|Any CPU
		{AF1A1DDD-0EEF-4936-A521-F25B039CF52C}.Debug|Any CPU.Build.0 = Debug|Any CPU
		{AF1A1DDD-0EEF-4936-A521-F25B039CF52C}.Release|Any CPU.ActiveCfg = Release|Any CPU
		{AF1A1DDD-0EEF-4936-A521-F25B039CF52C}.Release|Any CPU.Build.0 = Release|Any CPU
		{6CCCA2B8-4C3E-459E-B341-8A0EE788C147}.Debug|Any CPU.ActiveCfg = Debug|Any CPU
		{6CCCA2B8-4C3E-459E-B341-8A0EE788C147}.Debug|Any CPU.Build.0 = Debug|Any CPU
		{6CCCA2B8-4C3E-459E-B341-8A0EE788C147}.Release|Any CPU.ActiveCfg = Release|Any CPU
		{6CCCA2B8-4C3E-459E-B341-8A0EE788C147}.Release|Any CPU.Build.0 = Release|Any CPU
		{53FBDBE7-3B53-4FC1-9676-1932C6CE6A2F}.Debug|Any CPU.ActiveCfg = Debug|Any CPU
		{53FBDBE7-3B53-4FC1-9676-1932C6CE6A2F}.Debug|Any CPU.Build.0 = Debug|Any CPU
		{53FBDBE7-3B53-4FC1-9676-1932C6CE6A2F}.Release|Any CPU.ActiveCfg = Release|Any CPU
		{53FBDBE7-3B53-4FC1-9676-1932C6CE6A2F}.Release|Any CPU.Build.0 = Release|Any CPU
		{5C839D26-2F63-4E00-A907-DD535A9846DF}.Debug|Any CPU.ActiveCfg = Debug|Any CPU
		{5C839D26-2F63-4E00-A907-DD535A9846DF}.Debug|Any CPU.Build.0 = Debug|Any CPU
		{5C839D26-2F63-4E00-A907-DD535A9846DF}.Release|Any CPU.ActiveCfg = Release|Any CPU
		{5C839D26-2F63-4E00-A907-DD535A9846DF}.Release|Any CPU.Build.0 = Release|Any CPU
		{74216D64-CDD7-4A47-81CB-A9B7407D721F}.Debug|Any CPU.ActiveCfg = Debug|Any CPU
		{74216D64-CDD7-4A47-81CB-A9B7407D721F}.Debug|Any CPU.Build.0 = Debug|Any CPU
		{74216D64-CDD7-4A47-81CB-A9B7407D721F}.Release|Any CPU.ActiveCfg = Release|Any CPU
		{74216D64-CDD7-4A47-81CB-A9B7407D721F}.Release|Any CPU.Build.0 = Release|Any CPU
		{DFE330D3-8DFD-45CB-BDAD-5E1BA3D60569}.Debug|Any CPU.ActiveCfg = Debug|Any CPU
		{DFE330D3-8DFD-45CB-BDAD-5E1BA3D60569}.Debug|Any CPU.Build.0 = Debug|Any CPU
		{DFE330D3-8DFD-45CB-BDAD-5E1BA3D60569}.Release|Any CPU.ActiveCfg = Release|Any CPU
		{DFE330D3-8DFD-45CB-BDAD-5E1BA3D60569}.Release|Any CPU.Build.0 = Release|Any CPU
		{B0B151EA-7636-44DF-81D5-15E2C2653B6C}.Debug|Any CPU.ActiveCfg = Debug|Any CPU
		{B0B151EA-7636-44DF-81D5-15E2C2653B6C}.Debug|Any CPU.Build.0 = Debug|Any CPU
		{B0B151EA-7636-44DF-81D5-15E2C2653B6C}.Release|Any CPU.ActiveCfg = Release|Any CPU
		{B0B151EA-7636-44DF-81D5-15E2C2653B6C}.Release|Any CPU.Build.0 = Release|Any CPU
	EndGlobalSection
	GlobalSection(SolutionProperties) = preSolution
		HideSolutionNode = FALSE
	EndGlobalSection
	GlobalSection(NestedProjects) = preSolution
		{B4812772-AC01-44B5-B8B1-1ABBBD386B89} = {F1ADE27A-16FE-402C-B58D-520AA01F5A6F}
		{F1412A2B-3E4D-43BC-8A0A-8FC72703AA2C} = {B4812772-AC01-44B5-B8B1-1ABBBD386B89}
		{FFA3AB36-9635-4639-B1CB-3C915B5D97AF} = {B4812772-AC01-44B5-B8B1-1ABBBD386B89}
		{FF6A38BE-EDF7-45A6-A653-759253C698BD} = {B4812772-AC01-44B5-B8B1-1ABBBD386B89}
		{2C568C19-3B63-4B8F-B281-6BC2A62EA230} = {B4812772-AC01-44B5-B8B1-1ABBBD386B89}
		{3F6A0525-E4E4-4B09-AF5A-62A34F0944BD} = {B4812772-AC01-44B5-B8B1-1ABBBD386B89}
		{3A3A4FF2-F0D1-4AE7-A172-A5D5184BD60E} = {A18D54C1-5C4D-4E1C-8E58-12E23C7425E9}
		{42D7BC38-B993-470B-A9F5-9D52F0FC7CF8} = {3A3A4FF2-F0D1-4AE7-A172-A5D5184BD60E}
		{540A1415-B2F0-4261-93B2-1D80ED58558F} = {3A3A4FF2-F0D1-4AE7-A172-A5D5184BD60E}
		{B9537546-0C20-44A2-893F-94CCFB48FCBE} = {2AFDAB54-1CDD-42B3-979D-E0CEC2413C75}
		{B1527846-7BA5-47EF-8572-A30DB5A96262} = {B9537546-0C20-44A2-893F-94CCFB48FCBE}
		{848496A7-2151-4A7F-983B-759CC07E4B8F} = {2AFDAB54-1CDD-42B3-979D-E0CEC2413C75}
		{AF1A1DDD-0EEF-4936-A521-F25B039CF52C} = {2AFDAB54-1CDD-42B3-979D-E0CEC2413C75}
		{74A3C6F2-7B77-4A4A-90FB-F6450C3E9224} = {2AFDAB54-1CDD-42B3-979D-E0CEC2413C75}
		{6CCCA2B8-4C3E-459E-B341-8A0EE788C147} = {74A3C6F2-7B77-4A4A-90FB-F6450C3E9224}
		{D3A77866-70F8-4711-A0F5-29A2C266320B} = {F1ADE27A-16FE-402C-B58D-520AA01F5A6F}
		{53FBDBE7-3B53-4FC1-9676-1932C6CE6A2F} = {D3A77866-70F8-4711-A0F5-29A2C266320B}
		{5C839D26-2F63-4E00-A907-DD535A9846DF} = {D3A77866-70F8-4711-A0F5-29A2C266320B}
		{74216D64-CDD7-4A47-81CB-A9B7407D721F} = {D3A77866-70F8-4711-A0F5-29A2C266320B}
		{DFE330D3-8DFD-45CB-BDAD-5E1BA3D60569} = {D3A77866-70F8-4711-A0F5-29A2C266320B}
		{B0B151EA-7636-44DF-81D5-15E2C2653B6C} = {F1ADE27A-16FE-402C-B58D-520AA01F5A6F}
	EndGlobalSection
EndGlobal
