
Microsoft Visual Studio Solution File, Format Version 12.00
# Visual Studio 14
VisualStudioVersion = 14.0.25420.1
MinimumVisualStudioVersion = 10.0.40219.1
Project("{2150E333-8FDC-42A3-9474-1A3956D46DE8}") = "Modules", "Modules", "{2AFDAB54-1CDD-42B3-979D-E0CEC2413C75}"
EndProject
Project("{FAE04EC0-301F-11D3-BF4B-00C04F79EFBC}") = "AppHost", "AppHost\AppHost.csproj", "{1B427C32-97F1-43CF-B7D6-1D1F3EE6952C}"
EndProject
Project("{2150E333-8FDC-42A3-9474-1A3956D46DE8}") = "LandingPage", "LandingPage", "{B9537546-0C20-44A2-893F-94CCFB48FCBE}"
EndProject
Project("{FAE04EC0-301F-11D3-BF4B-00C04F79EFBC}") = "LandingPage.WebApi", "Modules\LandingPage\LandingPage.WebApi\LandingPage.WebApi.csproj", "{B1527846-7BA5-47EF-8572-A30DB5A96262}"
EndProject
Project("{FAE04EC0-301F-11D3-BF4B-00C04F79EFBC}") = "Contracts", "Modules\Contracts\Contracts.csproj", "{848496A7-2151-4A7F-983B-759CC07E4B8F}"
EndProject
Project("{2150E333-8FDC-42A3-9474-1A3956D46DE8}") = "Company", "Company", "{74A3C6F2-7B77-4A4A-90FB-F6450C3E9224}"
EndProject
Project("{FAE04EC0-301F-11D3-BF4B-00C04F79EFBC}") = "Company.WebApi", "Modules\Company\Company.WebApi\Company.WebApi.csproj", "{6CCCA2B8-4C3E-459E-B341-8A0EE788C147}"
EndProject
Project("{FAE04EC0-301F-11D3-BF4B-00C04F79EFBC}") = "DataModel", "Modules\DataModel\DataModel.csproj", "{AF1A1DDD-0EEF-4936-A521-F25B039CF52C}"
EndProject
Project("{FAE04EC0-301F-11D3-BF4B-00C04F79EFBC}") = "Ergate.Infrastructure", "Ergate.Infrastructure\Ergate.Infrastructure.csproj", "{05606CA0-D1EE-4E3F-AC42-433216364159}"
EndProject
Project("{FAE04EC0-301F-11D3-BF4B-00C04F79EFBC}") = "Ergate.Common", "Ergate.Common\Ergate.Common.csproj", "{58148571-C36B-41C3-8D4B-E805661C48C9}"
EndProject
Project("{FAE04EC0-301F-11D3-BF4B-00C04F79EFBC}") = "Ergate.Infrastructure.UnitTests", "Ergate.Infrastructure.UnitTests\Ergate.Infrastructure.UnitTests.csproj", "{0F81D696-F22B-4ABB-AEE0-428CBB6E5A75}"
EndProject
Project("{FAE04EC0-301F-11D3-BF4B-00C04F79EFBC}") = "Ergate.Common.UnitTests", "Ergate.Common.UnitTests\Ergate.Common.UnitTests.csproj", "{72161F10-4FA4-4484-960B-32FAF0D619B5}"
EndProject
Project("{FAE04EC0-301F-11D3-BF4B-00C04F79EFBC}") = "Ergate.DataAccess", "Ergate.DataAccess\Ergate.DataAccess.csproj", "{EC308AF0-C18A-4292-B784-5ADDB2DA5C6C}"
EndProject
Project("{FAE04EC0-301F-11D3-BF4B-00C04F79EFBC}") = "Ergate.DataAccess.UnitTests", "Ergate.DataAccess.UnitTests\Ergate.DataAccess.UnitTests.csproj", "{9C169698-AA06-4F59-9AD3-B5CDC04BCA1A}"
EndProject
Global
	GlobalSection(SolutionConfigurationPlatforms) = preSolution
		Debug|Any CPU = Debug|Any CPU
		Release|Any CPU = Release|Any CPU
	EndGlobalSection
	GlobalSection(ProjectConfigurationPlatforms) = postSolution
		{1B427C32-97F1-43CF-B7D6-1D1F3EE6952C}.Debug|Any CPU.ActiveCfg = Debug|Any CPU
		{1B427C32-97F1-43CF-B7D6-1D1F3EE6952C}.Debug|Any CPU.Build.0 = Debug|Any CPU
		{1B427C32-97F1-43CF-B7D6-1D1F3EE6952C}.Release|Any CPU.ActiveCfg = Release|Any CPU
		{1B427C32-97F1-43CF-B7D6-1D1F3EE6952C}.Release|Any CPU.Build.0 = Release|Any CPU
		{B1527846-7BA5-47EF-8572-A30DB5A96262}.Debug|Any CPU.ActiveCfg = Debug|Any CPU
		{B1527846-7BA5-47EF-8572-A30DB5A96262}.Debug|Any CPU.Build.0 = Debug|Any CPU
		{B1527846-7BA5-47EF-8572-A30DB5A96262}.Release|Any CPU.ActiveCfg = Release|Any CPU
		{B1527846-7BA5-47EF-8572-A30DB5A96262}.Release|Any CPU.Build.0 = Release|Any CPU
		{848496A7-2151-4A7F-983B-759CC07E4B8F}.Debug|Any CPU.ActiveCfg = Debug|Any CPU
		{848496A7-2151-4A7F-983B-759CC07E4B8F}.Debug|Any CPU.Build.0 = Debug|Any CPU
		{848496A7-2151-4A7F-983B-759CC07E4B8F}.Release|Any CPU.ActiveCfg = Release|Any CPU
		{848496A7-2151-4A7F-983B-759CC07E4B8F}.Release|Any CPU.Build.0 = Release|Any CPU
		{6CCCA2B8-4C3E-459E-B341-8A0EE788C147}.Debug|Any CPU.ActiveCfg = Debug|Any CPU
		{6CCCA2B8-4C3E-459E-B341-8A0EE788C147}.Debug|Any CPU.Build.0 = Debug|Any CPU
		{6CCCA2B8-4C3E-459E-B341-8A0EE788C147}.Release|Any CPU.ActiveCfg = Release|Any CPU
		{6CCCA2B8-4C3E-459E-B341-8A0EE788C147}.Release|Any CPU.Build.0 = Release|Any CPU
		{AF1A1DDD-0EEF-4936-A521-F25B039CF52C}.Debug|Any CPU.ActiveCfg = Debug|Any CPU
		{AF1A1DDD-0EEF-4936-A521-F25B039CF52C}.Debug|Any CPU.Build.0 = Debug|Any CPU
		{AF1A1DDD-0EEF-4936-A521-F25B039CF52C}.Release|Any CPU.ActiveCfg = Release|Any CPU
		{AF1A1DDD-0EEF-4936-A521-F25B039CF52C}.Release|Any CPU.Build.0 = Release|Any CPU
		{05606CA0-D1EE-4E3F-AC42-433216364159}.Debug|Any CPU.ActiveCfg = Debug|Any CPU
		{05606CA0-D1EE-4E3F-AC42-433216364159}.Debug|Any CPU.Build.0 = Debug|Any CPU
		{05606CA0-D1EE-4E3F-AC42-433216364159}.Release|Any CPU.ActiveCfg = Release|Any CPU
		{05606CA0-D1EE-4E3F-AC42-433216364159}.Release|Any CPU.Build.0 = Release|Any CPU
		{58148571-C36B-41C3-8D4B-E805661C48C9}.Debug|Any CPU.ActiveCfg = Debug|Any CPU
		{58148571-C36B-41C3-8D4B-E805661C48C9}.Debug|Any CPU.Build.0 = Debug|Any CPU
		{58148571-C36B-41C3-8D4B-E805661C48C9}.Release|Any CPU.ActiveCfg = Release|Any CPU
		{58148571-C36B-41C3-8D4B-E805661C48C9}.Release|Any CPU.Build.0 = Release|Any CPU
		{0F81D696-F22B-4ABB-AEE0-428CBB6E5A75}.Debug|Any CPU.ActiveCfg = Debug|Any CPU
		{0F81D696-F22B-4ABB-AEE0-428CBB6E5A75}.Debug|Any CPU.Build.0 = Debug|Any CPU
		{0F81D696-F22B-4ABB-AEE0-428CBB6E5A75}.Release|Any CPU.ActiveCfg = Release|Any CPU
		{0F81D696-F22B-4ABB-AEE0-428CBB6E5A75}.Release|Any CPU.Build.0 = Release|Any CPU
		{72161F10-4FA4-4484-960B-32FAF0D619B5}.Debug|Any CPU.ActiveCfg = Debug|Any CPU
		{72161F10-4FA4-4484-960B-32FAF0D619B5}.Debug|Any CPU.Build.0 = Debug|Any CPU
		{72161F10-4FA4-4484-960B-32FAF0D619B5}.Release|Any CPU.ActiveCfg = Release|Any CPU
		{72161F10-4FA4-4484-960B-32FAF0D619B5}.Release|Any CPU.Build.0 = Release|Any CPU
		{EC308AF0-C18A-4292-B784-5ADDB2DA5C6C}.Debug|Any CPU.ActiveCfg = Debug|Any CPU
		{EC308AF0-C18A-4292-B784-5ADDB2DA5C6C}.Debug|Any CPU.Build.0 = Debug|Any CPU
		{EC308AF0-C18A-4292-B784-5ADDB2DA5C6C}.Release|Any CPU.ActiveCfg = Release|Any CPU
		{EC308AF0-C18A-4292-B784-5ADDB2DA5C6C}.Release|Any CPU.Build.0 = Release|Any CPU
		{9C169698-AA06-4F59-9AD3-B5CDC04BCA1A}.Debug|Any CPU.ActiveCfg = Debug|Any CPU
		{9C169698-AA06-4F59-9AD3-B5CDC04BCA1A}.Debug|Any CPU.Build.0 = Debug|Any CPU
		{9C169698-AA06-4F59-9AD3-B5CDC04BCA1A}.Release|Any CPU.ActiveCfg = Release|Any CPU
		{9C169698-AA06-4F59-9AD3-B5CDC04BCA1A}.Release|Any CPU.Build.0 = Release|Any CPU
	EndGlobalSection
	GlobalSection(SolutionProperties) = preSolution
		HideSolutionNode = FALSE
	EndGlobalSection
	GlobalSection(NestedProjects) = preSolution
		{B9537546-0C20-44A2-893F-94CCFB48FCBE} = {2AFDAB54-1CDD-42B3-979D-E0CEC2413C75}
		{B1527846-7BA5-47EF-8572-A30DB5A96262} = {B9537546-0C20-44A2-893F-94CCFB48FCBE}
		{848496A7-2151-4A7F-983B-759CC07E4B8F} = {2AFDAB54-1CDD-42B3-979D-E0CEC2413C75}
		{74A3C6F2-7B77-4A4A-90FB-F6450C3E9224} = {2AFDAB54-1CDD-42B3-979D-E0CEC2413C75}
		{6CCCA2B8-4C3E-459E-B341-8A0EE788C147} = {74A3C6F2-7B77-4A4A-90FB-F6450C3E9224}
		{AF1A1DDD-0EEF-4936-A521-F25B039CF52C} = {2AFDAB54-1CDD-42B3-979D-E0CEC2413C75}
	EndGlobalSection
EndGlobal
